
Microsoft Visual Studio Solution File, Format Version 12.00
# Visual Studio Version 17
VisualStudioVersion = 17.0.31903.59
MinimumVisualStudioVersion = 10.0.40219.1
Project("{9A19103F-16F7-4668-BE54-9A1E7A4F7556}") = "AlbumPrinter.Core", "AlbumPrinter.Core\AlbumPrinter.Core.csproj", "{D19595E1-A626-4307-9020-BC2583040A0F}"
EndProject
Project("{9A19103F-16F7-4668-BE54-9A1E7A4F7556}") = "AlbumPrinter.DependencyInjection", "AlbumPrinter.DependencyInjection\AlbumPrinter.DependencyInjection.csproj", "{FDA5373C-7739-44A9-BE47-4AA18B9FDDAC}"
EndProject
Project("{9A19103F-16F7-4668-BE54-9A1E7A4F7556}") = "AlbumPrinter.Web", "AlbumPrinter.Web\AlbumPrinter.Web.csproj", "{8BCE63C7-F40B-46F2-995D-3784E244ED64}"
EndProject
Project("{9A19103F-16F7-4668-BE54-9A1E7A4F7556}") = "AlbumPrinter.Domain", "AlbumPrinter.Domain\AlbumPrinter.Domain.csproj", "{C9B95E82-68B2-4A4E-AD0F-7F467F090D74}"
EndProject
Project("{FAE04EC0-301F-11D3-BF4B-00C04F79EFBC}") = "AlbumPrinter.Domain.UnitTests", "AlbumPrinter.Domain.UnitTests\AlbumPrinter.Domain.UnitTests.csproj", "{CCBF9DCC-BFB6-453B-BC9E-0CCDB6EAAD48}"
EndProject
Global
	GlobalSection(SolutionConfigurationPlatforms) = preSolution
		Debug|Any CPU = Debug|Any CPU
		Release|Any CPU = Release|Any CPU
	EndGlobalSection
	GlobalSection(ProjectConfigurationPlatforms) = postSolution
		{D19595E1-A626-4307-9020-BC2583040A0F}.Debug|Any CPU.ActiveCfg = Debug|Any CPU
		{D19595E1-A626-4307-9020-BC2583040A0F}.Debug|Any CPU.Build.0 = Debug|Any CPU
		{D19595E1-A626-4307-9020-BC2583040A0F}.Release|Any CPU.ActiveCfg = Release|Any CPU
		{D19595E1-A626-4307-9020-BC2583040A0F}.Release|Any CPU.Build.0 = Release|Any CPU
		{FDA5373C-7739-44A9-BE47-4AA18B9FDDAC}.Debug|Any CPU.ActiveCfg = Debug|Any CPU
		{FDA5373C-7739-44A9-BE47-4AA18B9FDDAC}.Debug|Any CPU.Build.0 = Debug|Any CPU
		{FDA5373C-7739-44A9-BE47-4AA18B9FDDAC}.Release|Any CPU.ActiveCfg = Release|Any CPU
		{FDA5373C-7739-44A9-BE47-4AA18B9FDDAC}.Release|Any CPU.Build.0 = Release|Any CPU
		{8BCE63C7-F40B-46F2-995D-3784E244ED64}.Debug|Any CPU.ActiveCfg = Debug|Any CPU
		{8BCE63C7-F40B-46F2-995D-3784E244ED64}.Debug|Any CPU.Build.0 = Debug|Any CPU
		{8BCE63C7-F40B-46F2-995D-3784E244ED64}.Release|Any CPU.ActiveCfg = Release|Any CPU
		{8BCE63C7-F40B-46F2-995D-3784E244ED64}.Release|Any CPU.Build.0 = Release|Any CPU
		{C9B95E82-68B2-4A4E-AD0F-7F467F090D74}.Debug|Any CPU.ActiveCfg = Debug|Any CPU
		{C9B95E82-68B2-4A4E-AD0F-7F467F090D74}.Debug|Any CPU.Build.0 = Debug|Any CPU
		{C9B95E82-68B2-4A4E-AD0F-7F467F090D74}.Release|Any CPU.ActiveCfg = Release|Any CPU
		{C9B95E82-68B2-4A4E-AD0F-7F467F090D74}.Release|Any CPU.Build.0 = Release|Any CPU
		{CCBF9DCC-BFB6-453B-BC9E-0CCDB6EAAD48}.Debug|Any CPU.ActiveCfg = Debug|Any CPU
		{CCBF9DCC-BFB6-453B-BC9E-0CCDB6EAAD48}.Debug|Any CPU.Build.0 = Debug|Any CPU
		{CCBF9DCC-BFB6-453B-BC9E-0CCDB6EAAD48}.Release|Any CPU.ActiveCfg = Release|Any CPU
		{CCBF9DCC-BFB6-453B-BC9E-0CCDB6EAAD48}.Release|Any CPU.Build.0 = Release|Any CPU
	EndGlobalSection
	GlobalSection(SolutionProperties) = preSolution
		HideSolutionNode = FALSE
	EndGlobalSection
	GlobalSection(ExtensibilityGlobals) = postSolution
		SolutionGuid = {CCA224CA-CBDE-4E27-855C-7FC443C6DEAA}
	EndGlobalSection
EndGlobal
